
Microsoft Visual Studio Solution File, Format Version 12.00
# Visual Studio Version 17
VisualStudioVersion = 17.9.34728.123
MinimumVisualStudioVersion = 10.0.40219.1
Project("{9A19103F-16F7-4668-BE54-9A1E7A4F7556}") = "DotNetPractice.ConsoleApp", "DotNetPractice.ConsoleApp\DotNetPractice.ConsoleApp.csproj", "{C951AB2F-F6F7-487E-AF27-4B48C20C518E}"
EndProject
Project("{9A19103F-16F7-4668-BE54-9A1E7A4F7556}") = "DotNetPractice.RestApi", "DotNetPractice.RestApi\DotNetPractice.RestApi.csproj", "{E161C8F6-D8C4-4394-8F0D-B2A95E98A5D0}"
	ProjectSection(ProjectDependencies) = postProject
		{B61226D3-F98A-4886-88D1-6FC170501247} = {B61226D3-F98A-4886-88D1-6FC170501247}
	EndProjectSection
EndProject
Project("{9A19103F-16F7-4668-BE54-9A1E7A4F7556}") = "DotNetPractice.Shared", "DotNetPractice.Shared\DotNetPractice.Shared.csproj", "{B61226D3-F98A-4886-88D1-6FC170501247}"
EndProject
Project("{9A19103F-16F7-4668-BE54-9A1E7A4F7556}") = "DotNetPractice.RestApiRedo", "DotNetPractice.RestApiRedo\DotNetPractice.RestApiRedo.csproj", "{981B1AEA-C0E0-4A80-BAC4-9DE939E3C8BB}"
EndProject
Project("{9A19103F-16F7-4668-BE54-9A1E7A4F7556}") = "DotNetPractice.SharedRedo", "DotNetPractice.SharedRedo\DotNetPractice.SharedRedo.csproj", "{6E295916-EBAA-426E-A944-6C5B4409EB6F}"
EndProject
Project("{9A19103F-16F7-4668-BE54-9A1E7A4F7556}") = "DotNetPractice.RestApiWithNLayer", "DotNetPractice.RestApiWithNLayer\DotNetPractice.RestApiWithNLayer.csproj", "{382DD8F7-B960-4045-AC4C-4E336009739B}"
EndProject
Project("{9A19103F-16F7-4668-BE54-9A1E7A4F7556}") = "DotNetPractice.HttpClient", "DotNetPractice.HttpClient\DotNetPractice.HttpClient.csproj", "{0A0F60DF-DE30-401A-8804-EBEEB2592DD7}"
EndProject
Project("{9A19103F-16F7-4668-BE54-9A1E7A4F7556}") = "DotNetPractice.HttpClientExample", "DotNetPractice.HttpClientExample\DotNetPractice.HttpClientExample.csproj", "{4A97FED0-885E-4481-8717-3906672EBB4E}"
EndProject
Project("{9A19103F-16F7-4668-BE54-9A1E7A4F7556}") = "DotNetPractice.HttpClientExampleRedo", "DotNetPractice.HttpClientExampleRedo\DotNetPractice.HttpClientExampleRedo.csproj", "{FF1DEE52-9481-4722-A6DC-BC363E689ADF}"
EndProject
Project("{9A19103F-16F7-4668-BE54-9A1E7A4F7556}") = "DotNetPractice.ConsoleAppRestClientExample", "DotNetPractice.ConsoleAppRestClientExample\DotNetPractice.ConsoleAppRestClientExample.csproj", "{149295BA-DD97-439F-B2B8-90D19335BAB9}"
EndProject
Project("{FAE04EC0-301F-11D3-BF4B-00C04F79EFBC}") = "DotNetPractice.RestClientConsoleAppExampleRedo", "DotNetPractice.RestClientConsoleAppExampleRedo\DotNetPractice.RestClientConsoleAppExampleRedo.csproj", "{567577E6-5DFC-4D62-A2EB-E4E58E240D22}"
EndProject
Global
	GlobalSection(SolutionConfigurationPlatforms) = preSolution
		Debug|Any CPU = Debug|Any CPU
		Release|Any CPU = Release|Any CPU
	EndGlobalSection
	GlobalSection(ProjectConfigurationPlatforms) = postSolution
		{C951AB2F-F6F7-487E-AF27-4B48C20C518E}.Debug|Any CPU.ActiveCfg = Debug|Any CPU
		{C951AB2F-F6F7-487E-AF27-4B48C20C518E}.Debug|Any CPU.Build.0 = Debug|Any CPU
		{C951AB2F-F6F7-487E-AF27-4B48C20C518E}.Release|Any CPU.ActiveCfg = Release|Any CPU
		{C951AB2F-F6F7-487E-AF27-4B48C20C518E}.Release|Any CPU.Build.0 = Release|Any CPU
		{E161C8F6-D8C4-4394-8F0D-B2A95E98A5D0}.Debug|Any CPU.ActiveCfg = Debug|Any CPU
		{E161C8F6-D8C4-4394-8F0D-B2A95E98A5D0}.Debug|Any CPU.Build.0 = Debug|Any CPU
		{E161C8F6-D8C4-4394-8F0D-B2A95E98A5D0}.Release|Any CPU.ActiveCfg = Release|Any CPU
		{E161C8F6-D8C4-4394-8F0D-B2A95E98A5D0}.Release|Any CPU.Build.0 = Release|Any CPU
		{B61226D3-F98A-4886-88D1-6FC170501247}.Debug|Any CPU.ActiveCfg = Debug|Any CPU
		{B61226D3-F98A-4886-88D1-6FC170501247}.Debug|Any CPU.Build.0 = Debug|Any CPU
		{B61226D3-F98A-4886-88D1-6FC170501247}.Release|Any CPU.ActiveCfg = Release|Any CPU
		{B61226D3-F98A-4886-88D1-6FC170501247}.Release|Any CPU.Build.0 = Release|Any CPU
		{981B1AEA-C0E0-4A80-BAC4-9DE939E3C8BB}.Debug|Any CPU.ActiveCfg = Debug|Any CPU
		{981B1AEA-C0E0-4A80-BAC4-9DE939E3C8BB}.Debug|Any CPU.Build.0 = Debug|Any CPU
		{981B1AEA-C0E0-4A80-BAC4-9DE939E3C8BB}.Release|Any CPU.ActiveCfg = Release|Any CPU
		{981B1AEA-C0E0-4A80-BAC4-9DE939E3C8BB}.Release|Any CPU.Build.0 = Release|Any CPU
		{6E295916-EBAA-426E-A944-6C5B4409EB6F}.Debug|Any CPU.ActiveCfg = Debug|Any CPU
		{6E295916-EBAA-426E-A944-6C5B4409EB6F}.Debug|Any CPU.Build.0 = Debug|Any CPU
		{6E295916-EBAA-426E-A944-6C5B4409EB6F}.Release|Any CPU.ActiveCfg = Release|Any CPU
		{6E295916-EBAA-426E-A944-6C5B4409EB6F}.Release|Any CPU.Build.0 = Release|Any CPU
		{382DD8F7-B960-4045-AC4C-4E336009739B}.Debug|Any CPU.ActiveCfg = Debug|Any CPU
		{382DD8F7-B960-4045-AC4C-4E336009739B}.Debug|Any CPU.Build.0 = Debug|Any CPU
		{382DD8F7-B960-4045-AC4C-4E336009739B}.Release|Any CPU.ActiveCfg = Release|Any CPU
		{382DD8F7-B960-4045-AC4C-4E336009739B}.Release|Any CPU.Build.0 = Release|Any CPU
		{0A0F60DF-DE30-401A-8804-EBEEB2592DD7}.Debug|Any CPU.ActiveCfg = Debug|Any CPU
		{0A0F60DF-DE30-401A-8804-EBEEB2592DD7}.Debug|Any CPU.Build.0 = Debug|Any CPU
		{0A0F60DF-DE30-401A-8804-EBEEB2592DD7}.Release|Any CPU.ActiveCfg = Release|Any CPU
		{0A0F60DF-DE30-401A-8804-EBEEB2592DD7}.Release|Any CPU.Build.0 = Release|Any CPU
		{4A97FED0-885E-4481-8717-3906672EBB4E}.Debug|Any CPU.ActiveCfg = Debug|Any CPU
		{4A97FED0-885E-4481-8717-3906672EBB4E}.Debug|Any CPU.Build.0 = Debug|Any CPU
		{4A97FED0-885E-4481-8717-3906672EBB4E}.Release|Any CPU.ActiveCfg = Release|Any CPU
		{4A97FED0-885E-4481-8717-3906672EBB4E}.Release|Any CPU.Build.0 = Release|Any CPU
		{FF1DEE52-9481-4722-A6DC-BC363E689ADF}.Debug|Any CPU.ActiveCfg = Debug|Any CPU
		{FF1DEE52-9481-4722-A6DC-BC363E689ADF}.Debug|Any CPU.Build.0 = Debug|Any CPU
		{FF1DEE52-9481-4722-A6DC-BC363E689ADF}.Release|Any CPU.ActiveCfg = Release|Any CPU
		{FF1DEE52-9481-4722-A6DC-BC363E689ADF}.Release|Any CPU.Build.0 = Release|Any CPU
		{149295BA-DD97-439F-B2B8-90D19335BAB9}.Debug|Any CPU.ActiveCfg = Debug|Any CPU
		{149295BA-DD97-439F-B2B8-90D19335BAB9}.Debug|Any CPU.Build.0 = Debug|Any CPU
		{149295BA-DD97-439F-B2B8-90D19335BAB9}.Release|Any CPU.ActiveCfg = Release|Any CPU
		{149295BA-DD97-439F-B2B8-90D19335BAB9}.Release|Any CPU.Build.0 = Release|Any CPU
		{567577E6-5DFC-4D62-A2EB-E4E58E240D22}.Debug|Any CPU.ActiveCfg = Debug|Any CPU
		{567577E6-5DFC-4D62-A2EB-E4E58E240D22}.Debug|Any CPU.Build.0 = Debug|Any CPU
		{567577E6-5DFC-4D62-A2EB-E4E58E240D22}.Release|Any CPU.ActiveCfg = Release|Any CPU
		{567577E6-5DFC-4D62-A2EB-E4E58E240D22}.Release|Any CPU.Build.0 = Release|Any CPU
	EndGlobalSection
	GlobalSection(SolutionProperties) = preSolution
		HideSolutionNode = FALSE
	EndGlobalSection
	GlobalSection(ExtensibilityGlobals) = postSolution
		SolutionGuid = {52D03703-2B01-47F2-9E08-3065EB7EE60D}
	EndGlobalSection
EndGlobal
