
Microsoft Visual Studio Solution File, Format Version 12.00
# Visual Studio Version 17
VisualStudioVersion = 17.9.34728.123
MinimumVisualStudioVersion = 10.0.40219.1
Project("{9A19103F-16F7-4668-BE54-9A1E7A4F7556}") = "DotNetPractice.ConsoleApp", "DotNetPractice.ConsoleApp\DotNetPractice.ConsoleApp.csproj", "{C951AB2F-F6F7-487E-AF27-4B48C20C518E}"
EndProject
Project("{9A19103F-16F7-4668-BE54-9A1E7A4F7556}") = "DotNetPractice.RestApi", "DotNetPractice.RestApi\DotNetPractice.RestApi.csproj", "{E161C8F6-D8C4-4394-8F0D-B2A95E98A5D0}"
	ProjectSection(ProjectDependencies) = postProject
		{B61226D3-F98A-4886-88D1-6FC170501247} = {B61226D3-F98A-4886-88D1-6FC170501247}
	EndProjectSection
EndProject
Project("{9A19103F-16F7-4668-BE54-9A1E7A4F7556}") = "DotNetPractice.Shared", "DotNetPractice.Shared\DotNetPractice.Shared.csproj", "{B61226D3-F98A-4886-88D1-6FC170501247}"
EndProject
Project("{9A19103F-16F7-4668-BE54-9A1E7A4F7556}") = "DotNetPractice.RestApiRedo", "DotNetPractice.RestApiRedo\DotNetPractice.RestApiRedo.csproj", "{981B1AEA-C0E0-4A80-BAC4-9DE939E3C8BB}"
EndProject
Project("{9A19103F-16F7-4668-BE54-9A1E7A4F7556}") = "DotNetPractice.SharedRedo", "DotNetPractice.SharedRedo\DotNetPractice.SharedRedo.csproj", "{6E295916-EBAA-426E-A944-6C5B4409EB6F}"
EndProject
Project("{9A19103F-16F7-4668-BE54-9A1E7A4F7556}") = "DotNetPractice.RestApiWithNLayer", "DotNetPractice.RestApiWithNLayer\DotNetPractice.RestApiWithNLayer.csproj", "{382DD8F7-B960-4045-AC4C-4E336009739B}"
EndProject
Project("{9A19103F-16F7-4668-BE54-9A1E7A4F7556}") = "DotNetPractice.HttpClient", "DotNetPractice.HttpClient\DotNetPractice.HttpClient.csproj", "{0A0F60DF-DE30-401A-8804-EBEEB2592DD7}"
EndProject
Project("{9A19103F-16F7-4668-BE54-9A1E7A4F7556}") = "DotNetPractice.HttpClientExample", "DotNetPractice.HttpClientExample\DotNetPractice.HttpClientExample.csproj", "{4A97FED0-885E-4481-8717-3906672EBB4E}"
EndProject
Project("{9A19103F-16F7-4668-BE54-9A1E7A4F7556}") = "DotNetPractice.HttpClientExampleRedo", "DotNetPractice.HttpClientExampleRedo\DotNetPractice.HttpClientExampleRedo.csproj", "{FF1DEE52-9481-4722-A6DC-BC363E689ADF}"
EndProject
Project("{9A19103F-16F7-4668-BE54-9A1E7A4F7556}") = "DotNetPractice.ConsoleAppRestClientExample", "DotNetPractice.ConsoleAppRestClientExample\DotNetPractice.ConsoleAppRestClientExample.csproj", "{149295BA-DD97-439F-B2B8-90D19335BAB9}"
EndProject
Project("{9A19103F-16F7-4668-BE54-9A1E7A4F7556}") = "DotNetPractice.RestClientConsoleAppExampleRedo", "DotNetPractice.RestClientConsoleAppExampleRedo\DotNetPractice.RestClientConsoleAppExampleRedo.csproj", "{567577E6-5DFC-4D62-A2EB-E4E58E240D22}"
EndProject
Project("{9A19103F-16F7-4668-BE54-9A1E7A4F7556}") = "DotNetPractice.PizzaApi", "DotNetPractice.PizzaApi\DotNetPractice.PizzaApi.csproj", "{3F9744D4-C452-46FD-8EBB-389A6BAA59F2}"
EndProject
Project("{9A19103F-16F7-4668-BE54-9A1E7A4F7556}") = "DotNetPractice.PizzaApiWithMultiplePizzas", "DotNetPractice.PizzaApiWithMultiplePizzas\DotNetPractice.PizzaApiWithMultiplePizzas.csproj", "{2B6FFD3C-A493-47D8-9EAF-FE6ED1B01616}"
EndProject
Project("{9A19103F-16F7-4668-BE54-9A1E7A4F7556}") = "DotNetPracticeRefitExample", "DotNetPracticeRefitExample\DotNetPracticeRefitExample.csproj", "{D6B07068-F7CE-4DD6-9734-A1A5A7C59299}"
EndProject
Project("{9A19103F-16F7-4668-BE54-9A1E7A4F7556}") = "DotNetPractice.RestApiWithNLayerRedo", "DotNetPractice.RestApiWithNLayerRedo\DotNetPractice.RestApiWithNLayerRedo.csproj", "{3C6CFF04-17A8-4483-9A56-C8E94821306E}"
EndProject
Project("{9A19103F-16F7-4668-BE54-9A1E7A4F7556}") = "DotNetPractice.PizzaApiRedo", "DotNetPractice.PizzaApiRedo\DotNetPractice.PizzaApiRedo.csproj", "{F4DBE66E-010F-42C0-9CA9-F5091E05E82F}"
EndProject
Project("{9A19103F-16F7-4668-BE54-9A1E7A4F7556}") = "DotNetPractice.RestApiRedo1", "DotNetPractice.RestApiRedo1\DotNetPractice.RestApiRedo1.csproj", "{7C5604BB-0E7D-4249-822E-C574A1619295}"
EndProject
Project("{9A19103F-16F7-4668-BE54-9A1E7A4F7556}") = "DotNetPractice.CustomService", "DotNetPractice.CustomService\DotNetPractice.CustomService.csproj", "{BD9494BF-5E65-45CC-8A18-33A057ADCC79}"
EndProject
Project("{9A19103F-16F7-4668-BE54-9A1E7A4F7556}") = "DotNetPractice.MVCApp", "DotNetPractice.MVCApp\DotNetPractice.MVCApp.csproj", "{CDF16A02-8DF0-4D0D-8F86-AEC351A4DAFF}"
EndProject
Project("{FAE04EC0-301F-11D3-BF4B-00C04F79EFBC}") = "DotNetPractice.MvcChartApp", "DotNetPractice.MvcChartApp\DotNetPractice.MvcChartApp.csproj", "{9F5F36C6-011C-40A4-95B5-44498588551E}"
EndProject
Global
	GlobalSection(SolutionConfigurationPlatforms) = preSolution
		Debug|Any CPU = Debug|Any CPU
		Release|Any CPU = Release|Any CPU
	EndGlobalSection
	GlobalSection(ProjectConfigurationPlatforms) = postSolution
		{C951AB2F-F6F7-487E-AF27-4B48C20C518E}.Debug|Any CPU.ActiveCfg = Debug|Any CPU
		{C951AB2F-F6F7-487E-AF27-4B48C20C518E}.Debug|Any CPU.Build.0 = Debug|Any CPU
		{C951AB2F-F6F7-487E-AF27-4B48C20C518E}.Release|Any CPU.ActiveCfg = Release|Any CPU
		{C951AB2F-F6F7-487E-AF27-4B48C20C518E}.Release|Any CPU.Build.0 = Release|Any CPU
		{E161C8F6-D8C4-4394-8F0D-B2A95E98A5D0}.Debug|Any CPU.ActiveCfg = Debug|Any CPU
		{E161C8F6-D8C4-4394-8F0D-B2A95E98A5D0}.Debug|Any CPU.Build.0 = Debug|Any CPU
		{E161C8F6-D8C4-4394-8F0D-B2A95E98A5D0}.Release|Any CPU.ActiveCfg = Release|Any CPU
		{E161C8F6-D8C4-4394-8F0D-B2A95E98A5D0}.Release|Any CPU.Build.0 = Release|Any CPU
		{B61226D3-F98A-4886-88D1-6FC170501247}.Debug|Any CPU.ActiveCfg = Debug|Any CPU
		{B61226D3-F98A-4886-88D1-6FC170501247}.Debug|Any CPU.Build.0 = Debug|Any CPU
		{B61226D3-F98A-4886-88D1-6FC170501247}.Release|Any CPU.ActiveCfg = Release|Any CPU
		{B61226D3-F98A-4886-88D1-6FC170501247}.Release|Any CPU.Build.0 = Release|Any CPU
		{981B1AEA-C0E0-4A80-BAC4-9DE939E3C8BB}.Debug|Any CPU.ActiveCfg = Debug|Any CPU
		{981B1AEA-C0E0-4A80-BAC4-9DE939E3C8BB}.Debug|Any CPU.Build.0 = Debug|Any CPU
		{981B1AEA-C0E0-4A80-BAC4-9DE939E3C8BB}.Release|Any CPU.ActiveCfg = Release|Any CPU
		{981B1AEA-C0E0-4A80-BAC4-9DE939E3C8BB}.Release|Any CPU.Build.0 = Release|Any CPU
		{6E295916-EBAA-426E-A944-6C5B4409EB6F}.Debug|Any CPU.ActiveCfg = Debug|Any CPU
		{6E295916-EBAA-426E-A944-6C5B4409EB6F}.Debug|Any CPU.Build.0 = Debug|Any CPU
		{6E295916-EBAA-426E-A944-6C5B4409EB6F}.Release|Any CPU.ActiveCfg = Release|Any CPU
		{6E295916-EBAA-426E-A944-6C5B4409EB6F}.Release|Any CPU.Build.0 = Release|Any CPU
		{382DD8F7-B960-4045-AC4C-4E336009739B}.Debug|Any CPU.ActiveCfg = Debug|Any CPU
		{382DD8F7-B960-4045-AC4C-4E336009739B}.Debug|Any CPU.Build.0 = Debug|Any CPU
		{382DD8F7-B960-4045-AC4C-4E336009739B}.Release|Any CPU.ActiveCfg = Release|Any CPU
		{382DD8F7-B960-4045-AC4C-4E336009739B}.Release|Any CPU.Build.0 = Release|Any CPU
		{0A0F60DF-DE30-401A-8804-EBEEB2592DD7}.Debug|Any CPU.ActiveCfg = Debug|Any CPU
		{0A0F60DF-DE30-401A-8804-EBEEB2592DD7}.Debug|Any CPU.Build.0 = Debug|Any CPU
		{0A0F60DF-DE30-401A-8804-EBEEB2592DD7}.Release|Any CPU.ActiveCfg = Release|Any CPU
		{0A0F60DF-DE30-401A-8804-EBEEB2592DD7}.Release|Any CPU.Build.0 = Release|Any CPU
		{4A97FED0-885E-4481-8717-3906672EBB4E}.Debug|Any CPU.ActiveCfg = Debug|Any CPU
		{4A97FED0-885E-4481-8717-3906672EBB4E}.Debug|Any CPU.Build.0 = Debug|Any CPU
		{4A97FED0-885E-4481-8717-3906672EBB4E}.Release|Any CPU.ActiveCfg = Release|Any CPU
		{4A97FED0-885E-4481-8717-3906672EBB4E}.Release|Any CPU.Build.0 = Release|Any CPU
		{FF1DEE52-9481-4722-A6DC-BC363E689ADF}.Debug|Any CPU.ActiveCfg = Debug|Any CPU
		{FF1DEE52-9481-4722-A6DC-BC363E689ADF}.Debug|Any CPU.Build.0 = Debug|Any CPU
		{FF1DEE52-9481-4722-A6DC-BC363E689ADF}.Release|Any CPU.ActiveCfg = Release|Any CPU
		{FF1DEE52-9481-4722-A6DC-BC363E689ADF}.Release|Any CPU.Build.0 = Release|Any CPU
		{149295BA-DD97-439F-B2B8-90D19335BAB9}.Debug|Any CPU.ActiveCfg = Debug|Any CPU
		{149295BA-DD97-439F-B2B8-90D19335BAB9}.Debug|Any CPU.Build.0 = Debug|Any CPU
		{149295BA-DD97-439F-B2B8-90D19335BAB9}.Release|Any CPU.ActiveCfg = Release|Any CPU
		{149295BA-DD97-439F-B2B8-90D19335BAB9}.Release|Any CPU.Build.0 = Release|Any CPU
		{567577E6-5DFC-4D62-A2EB-E4E58E240D22}.Debug|Any CPU.ActiveCfg = Debug|Any CPU
		{567577E6-5DFC-4D62-A2EB-E4E58E240D22}.Debug|Any CPU.Build.0 = Debug|Any CPU
		{567577E6-5DFC-4D62-A2EB-E4E58E240D22}.Release|Any CPU.ActiveCfg = Release|Any CPU
		{567577E6-5DFC-4D62-A2EB-E4E58E240D22}.Release|Any CPU.Build.0 = Release|Any CPU
		{3F9744D4-C452-46FD-8EBB-389A6BAA59F2}.Debug|Any CPU.ActiveCfg = Debug|Any CPU
		{3F9744D4-C452-46FD-8EBB-389A6BAA59F2}.Debug|Any CPU.Build.0 = Debug|Any CPU
		{3F9744D4-C452-46FD-8EBB-389A6BAA59F2}.Release|Any CPU.ActiveCfg = Release|Any CPU
		{3F9744D4-C452-46FD-8EBB-389A6BAA59F2}.Release|Any CPU.Build.0 = Release|Any CPU
		{2B6FFD3C-A493-47D8-9EAF-FE6ED1B01616}.Debug|Any CPU.ActiveCfg = Debug|Any CPU
		{2B6FFD3C-A493-47D8-9EAF-FE6ED1B01616}.Debug|Any CPU.Build.0 = Debug|Any CPU
		{2B6FFD3C-A493-47D8-9EAF-FE6ED1B01616}.Release|Any CPU.ActiveCfg = Release|Any CPU
		{2B6FFD3C-A493-47D8-9EAF-FE6ED1B01616}.Release|Any CPU.Build.0 = Release|Any CPU
		{D6B07068-F7CE-4DD6-9734-A1A5A7C59299}.Debug|Any CPU.ActiveCfg = Debug|Any CPU
		{D6B07068-F7CE-4DD6-9734-A1A5A7C59299}.Debug|Any CPU.Build.0 = Debug|Any CPU
		{D6B07068-F7CE-4DD6-9734-A1A5A7C59299}.Release|Any CPU.ActiveCfg = Release|Any CPU
		{D6B07068-F7CE-4DD6-9734-A1A5A7C59299}.Release|Any CPU.Build.0 = Release|Any CPU
		{3C6CFF04-17A8-4483-9A56-C8E94821306E}.Debug|Any CPU.ActiveCfg = Debug|Any CPU
		{3C6CFF04-17A8-4483-9A56-C8E94821306E}.Debug|Any CPU.Build.0 = Debug|Any CPU
		{3C6CFF04-17A8-4483-9A56-C8E94821306E}.Release|Any CPU.ActiveCfg = Release|Any CPU
		{3C6CFF04-17A8-4483-9A56-C8E94821306E}.Release|Any CPU.Build.0 = Release|Any CPU
		{F4DBE66E-010F-42C0-9CA9-F5091E05E82F}.Debug|Any CPU.ActiveCfg = Debug|Any CPU
		{F4DBE66E-010F-42C0-9CA9-F5091E05E82F}.Debug|Any CPU.Build.0 = Debug|Any CPU
		{F4DBE66E-010F-42C0-9CA9-F5091E05E82F}.Release|Any CPU.ActiveCfg = Release|Any CPU
		{F4DBE66E-010F-42C0-9CA9-F5091E05E82F}.Release|Any CPU.Build.0 = Release|Any CPU
		{7C5604BB-0E7D-4249-822E-C574A1619295}.Debug|Any CPU.ActiveCfg = Debug|Any CPU
		{7C5604BB-0E7D-4249-822E-C574A1619295}.Debug|Any CPU.Build.0 = Debug|Any CPU
		{7C5604BB-0E7D-4249-822E-C574A1619295}.Release|Any CPU.ActiveCfg = Release|Any CPU
		{7C5604BB-0E7D-4249-822E-C574A1619295}.Release|Any CPU.Build.0 = Release|Any CPU
		{BD9494BF-5E65-45CC-8A18-33A057ADCC79}.Debug|Any CPU.ActiveCfg = Debug|Any CPU
		{BD9494BF-5E65-45CC-8A18-33A057ADCC79}.Debug|Any CPU.Build.0 = Debug|Any CPU
		{BD9494BF-5E65-45CC-8A18-33A057ADCC79}.Release|Any CPU.ActiveCfg = Release|Any CPU
		{BD9494BF-5E65-45CC-8A18-33A057ADCC79}.Release|Any CPU.Build.0 = Release|Any CPU
		{CDF16A02-8DF0-4D0D-8F86-AEC351A4DAFF}.Debug|Any CPU.ActiveCfg = Debug|Any CPU
		{CDF16A02-8DF0-4D0D-8F86-AEC351A4DAFF}.Debug|Any CPU.Build.0 = Debug|Any CPU
		{CDF16A02-8DF0-4D0D-8F86-AEC351A4DAFF}.Release|Any CPU.ActiveCfg = Release|Any CPU
		{CDF16A02-8DF0-4D0D-8F86-AEC351A4DAFF}.Release|Any CPU.Build.0 = Release|Any CPU
		{9F5F36C6-011C-40A4-95B5-44498588551E}.Debug|Any CPU.ActiveCfg = Debug|Any CPU
		{9F5F36C6-011C-40A4-95B5-44498588551E}.Debug|Any CPU.Build.0 = Debug|Any CPU
		{9F5F36C6-011C-40A4-95B5-44498588551E}.Release|Any CPU.ActiveCfg = Release|Any CPU
		{9F5F36C6-011C-40A4-95B5-44498588551E}.Release|Any CPU.Build.0 = Release|Any CPU
	EndGlobalSection
	GlobalSection(SolutionProperties) = preSolution
		HideSolutionNode = FALSE
	EndGlobalSection
	GlobalSection(ExtensibilityGlobals) = postSolution
		SolutionGuid = {52D03703-2B01-47F2-9E08-3065EB7EE60D}
	EndGlobalSection
EndGlobal
